
Microsoft Visual Studio Solution File, Format Version 12.00
# Visual Studio Version 17
VisualStudioVersion = 17.0.31903.59
MinimumVisualStudioVersion = 10.0.40219.1
Project("{2150E333-8FDC-42A3-9474-1A3956D46DE8}") = "playground", "playground", "{12E5C810-18C6-BE57-4EA6-3F3BE821652E}"
EndProject
Project("{2150E333-8FDC-42A3-9474-1A3956D46DE8}") = "local", "local", "{E9E26C38-5D05-E90F-188F-CA738AD75EE5}"
EndProject
Project("{FAE04EC0-301F-11D3-BF4B-00C04F79EFBC}") = "NuxtIdentity.Playground.Local", "playground\local\NuxtIdentity.Playground.Local.csproj", "{625797D5-CB04-42E4-A68A-5C9C649EBAD9}"
EndProject
Project("{2150E333-8FDC-42A3-9474-1A3956D46DE8}") = "src", "src", "{827E0CD3-B72D-47B6-A68D-7590B98EB39B}"
EndProject
Project("{2150E333-8FDC-42A3-9474-1A3956D46DE8}") = "Core", "Core", "{8D626EA8-CB54-BC41-363A-217881BEBA6E}"
EndProject
Project("{FAE04EC0-301F-11D3-BF4B-00C04F79EFBC}") = "NuxtIdentity.Core", "src\Core\NuxtIdentity.Core.csproj", "{CCCEDC2B-9D7B-4AAE-A227-11F04DE794A1}"
EndProject
Project("{2150E333-8FDC-42A3-9474-1A3956D46DE8}") = "AspNetCore", "AspNetCore", "{ED6807F8-77BA-3766-0FF0-3DABD1CE7DD6}"
EndProject
Project("{FAE04EC0-301F-11D3-BF4B-00C04F79EFBC}") = "NuxtIdentity.AspNetCore", "src\AspNetCore\NuxtIdentity.AspNetCore.csproj", "{9AD502A8-EE9F-41A8-8FF1-87E5C692B44D}"
EndProject
Project("{2150E333-8FDC-42A3-9474-1A3956D46DE8}") = "EntityFrameworkCore", "EntityFrameworkCore", "{7F5093C9-DC9C-935A-B2DE-C74B4B877D8D}"
EndProject
Project("{FAE04EC0-301F-11D3-BF4B-00C04F79EFBC}") = "NuxtIdentity.EntityFrameworkCore", "src\EntityFrameworkCore\NuxtIdentity.EntityFrameworkCore.csproj", "{90B44A77-EAF8-4892-8B43-4018E9B0BCEC}"
EndProject
Project("{2150E333-8FDC-42A3-9474-1A3956D46DE8}") = "samples", "samples", "{5D20AA90-6969-D8BD-9DCD-8634F4692FDA}"
EndProject
Project("{2150E333-8FDC-42A3-9474-1A3956D46DE8}") = "Local", "Local", "{8B69F5E7-35BE-DCF6-3458-FC08E448D883}"
EndProject
Project("{2150E333-8FDC-42A3-9474-1A3956D46DE8}") = "AppHost", "AppHost", "{A85AD8B4-0AA1-DAA3-101A-1A70BE9734B4}"
EndProject
Project("{FAE04EC0-301F-11D3-BF4B-00C04F79EFBC}") = "NuxtIdentity.Samples.Local.AppHost", "samples\Local\AppHost\NuxtIdentity.Samples.Local.AppHost.csproj", "{F035A918-B12D-49B3-A9E5-79B2E6FEA9EC}"
EndProject
Project("{2150E333-8FDC-42A3-9474-1A3956D46DE8}") = "Backend", "Backend", "{8BE51F75-E968-2E64-31C4-B6241C34B455}"
EndProject
Project("{FAE04EC0-301F-11D3-BF4B-00C04F79EFBC}") = "NuxtIdentity.Samples.Local.Backend", "samples\Local\Backend\NuxtIdentity.Samples.Local.Backend.csproj", "{454BFA70-484B-4F38-896B-BBCE163238E1}"
EndProject
Project("{2150E333-8FDC-42A3-9474-1A3956D46DE8}") = "ServiceDefaults", "ServiceDefaults", "{01637697-831A-2F8C-A3A5-DB59496E401D}"
EndProject
Project("{FAE04EC0-301F-11D3-BF4B-00C04F79EFBC}") = "NuxtIdentity.Samples.Local.ServiceDefaults", "samples\Local\ServiceDefaults\NuxtIdentity.Samples.Local.ServiceDefaults.csproj", "{9105EC9F-8962-40DE-9644-D7AECB479DC8}"
EndProject
Project("{2150E333-8FDC-42A3-9474-1A3956D46DE8}") = "Tenancy", "Tenancy", "{EA34EAA3-1319-61EE-61A0-DEA68DFE8677}"
EndProject
Project("{FAE04EC0-301F-11D3-BF4B-00C04F79EFBC}") = "NuxtIdentity.Tenancy", "src\Tenancy\NuxtIdentity.Tenancy.csproj", "{A4C1EB68-2529-4EC5-A639-277FA8BF93DE}"
EndProject
Global
	GlobalSection(SolutionConfigurationPlatforms) = preSolution
		Debug|Any CPU = Debug|Any CPU
		Debug|x64 = Debug|x64
		Debug|x86 = Debug|x86
		Release|Any CPU = Release|Any CPU
		Release|x64 = Release|x64
		Release|x86 = Release|x86
	EndGlobalSection
	GlobalSection(ProjectConfigurationPlatforms) = postSolution
		{625797D5-CB04-42E4-A68A-5C9C649EBAD9}.Debug|Any CPU.ActiveCfg = Debug|Any CPU
		{625797D5-CB04-42E4-A68A-5C9C649EBAD9}.Debug|Any CPU.Build.0 = Debug|Any CPU
		{625797D5-CB04-42E4-A68A-5C9C649EBAD9}.Debug|x64.ActiveCfg = Debug|Any CPU
		{625797D5-CB04-42E4-A68A-5C9C649EBAD9}.Debug|x64.Build.0 = Debug|Any CPU
		{625797D5-CB04-42E4-A68A-5C9C649EBAD9}.Debug|x86.ActiveCfg = Debug|Any CPU
		{625797D5-CB04-42E4-A68A-5C9C649EBAD9}.Debug|x86.Build.0 = Debug|Any CPU
		{625797D5-CB04-42E4-A68A-5C9C649EBAD9}.Release|Any CPU.ActiveCfg = Release|Any CPU
		{625797D5-CB04-42E4-A68A-5C9C649EBAD9}.Release|Any CPU.Build.0 = Release|Any CPU
		{625797D5-CB04-42E4-A68A-5C9C649EBAD9}.Release|x64.ActiveCfg = Release|Any CPU
		{625797D5-CB04-42E4-A68A-5C9C649EBAD9}.Release|x64.Build.0 = Release|Any CPU
		{625797D5-CB04-42E4-A68A-5C9C649EBAD9}.Release|x86.ActiveCfg = Release|Any CPU
		{625797D5-CB04-42E4-A68A-5C9C649EBAD9}.Release|x86.Build.0 = Release|Any CPU
		{CCCEDC2B-9D7B-4AAE-A227-11F04DE794A1}.Debug|Any CPU.ActiveCfg = Debug|Any CPU
		{CCCEDC2B-9D7B-4AAE-A227-11F04DE794A1}.Debug|Any CPU.Build.0 = Debug|Any CPU
		{CCCEDC2B-9D7B-4AAE-A227-11F04DE794A1}.Debug|x64.ActiveCfg = Debug|Any CPU
		{CCCEDC2B-9D7B-4AAE-A227-11F04DE794A1}.Debug|x64.Build.0 = Debug|Any CPU
		{CCCEDC2B-9D7B-4AAE-A227-11F04DE794A1}.Debug|x86.ActiveCfg = Debug|Any CPU
		{CCCEDC2B-9D7B-4AAE-A227-11F04DE794A1}.Debug|x86.Build.0 = Debug|Any CPU
		{CCCEDC2B-9D7B-4AAE-A227-11F04DE794A1}.Release|Any CPU.ActiveCfg = Release|Any CPU
		{CCCEDC2B-9D7B-4AAE-A227-11F04DE794A1}.Release|Any CPU.Build.0 = Release|Any CPU
		{CCCEDC2B-9D7B-4AAE-A227-11F04DE794A1}.Release|x64.ActiveCfg = Release|Any CPU
		{CCCEDC2B-9D7B-4AAE-A227-11F04DE794A1}.Release|x64.Build.0 = Release|Any CPU
		{CCCEDC2B-9D7B-4AAE-A227-11F04DE794A1}.Release|x86.ActiveCfg = Release|Any CPU
		{CCCEDC2B-9D7B-4AAE-A227-11F04DE794A1}.Release|x86.Build.0 = Release|Any CPU
		{9AD502A8-EE9F-41A8-8FF1-87E5C692B44D}.Debug|Any CPU.ActiveCfg = Debug|Any CPU
		{9AD502A8-EE9F-41A8-8FF1-87E5C692B44D}.Debug|Any CPU.Build.0 = Debug|Any CPU
		{9AD502A8-EE9F-41A8-8FF1-87E5C692B44D}.Debug|x64.ActiveCfg = Debug|Any CPU
		{9AD502A8-EE9F-41A8-8FF1-87E5C692B44D}.Debug|x64.Build.0 = Debug|Any CPU
		{9AD502A8-EE9F-41A8-8FF1-87E5C692B44D}.Debug|x86.ActiveCfg = Debug|Any CPU
		{9AD502A8-EE9F-41A8-8FF1-87E5C692B44D}.Debug|x86.Build.0 = Debug|Any CPU
		{9AD502A8-EE9F-41A8-8FF1-87E5C692B44D}.Release|Any CPU.ActiveCfg = Release|Any CPU
		{9AD502A8-EE9F-41A8-8FF1-87E5C692B44D}.Release|Any CPU.Build.0 = Release|Any CPU
		{9AD502A8-EE9F-41A8-8FF1-87E5C692B44D}.Release|x64.ActiveCfg = Release|Any CPU
		{9AD502A8-EE9F-41A8-8FF1-87E5C692B44D}.Release|x64.Build.0 = Release|Any CPU
		{9AD502A8-EE9F-41A8-8FF1-87E5C692B44D}.Release|x86.ActiveCfg = Release|Any CPU
		{9AD502A8-EE9F-41A8-8FF1-87E5C692B44D}.Release|x86.Build.0 = Release|Any CPU
		{90B44A77-EAF8-4892-8B43-4018E9B0BCEC}.Debug|Any CPU.ActiveCfg = Debug|Any CPU
		{90B44A77-EAF8-4892-8B43-4018E9B0BCEC}.Debug|Any CPU.Build.0 = Debug|Any CPU
		{90B44A77-EAF8-4892-8B43-4018E9B0BCEC}.Debug|x64.ActiveCfg = Debug|Any CPU
		{90B44A77-EAF8-4892-8B43-4018E9B0BCEC}.Debug|x64.Build.0 = Debug|Any CPU
		{90B44A77-EAF8-4892-8B43-4018E9B0BCEC}.Debug|x86.ActiveCfg = Debug|Any CPU
		{90B44A77-EAF8-4892-8B43-4018E9B0BCEC}.Debug|x86.Build.0 = Debug|Any CPU
		{90B44A77-EAF8-4892-8B43-4018E9B0BCEC}.Release|Any CPU.ActiveCfg = Release|Any CPU
		{90B44A77-EAF8-4892-8B43-4018E9B0BCEC}.Release|Any CPU.Build.0 = Release|Any CPU
		{90B44A77-EAF8-4892-8B43-4018E9B0BCEC}.Release|x64.ActiveCfg = Release|Any CPU
		{90B44A77-EAF8-4892-8B43-4018E9B0BCEC}.Release|x64.Build.0 = Release|Any CPU
		{90B44A77-EAF8-4892-8B43-4018E9B0BCEC}.Release|x86.ActiveCfg = Release|Any CPU
		{90B44A77-EAF8-4892-8B43-4018E9B0BCEC}.Release|x86.Build.0 = Release|Any CPU
		{F035A918-B12D-49B3-A9E5-79B2E6FEA9EC}.Debug|Any CPU.ActiveCfg = Debug|Any CPU
		{F035A918-B12D-49B3-A9E5-79B2E6FEA9EC}.Debug|Any CPU.Build.0 = Debug|Any CPU
		{F035A918-B12D-49B3-A9E5-79B2E6FEA9EC}.Debug|x64.ActiveCfg = Debug|Any CPU
		{F035A918-B12D-49B3-A9E5-79B2E6FEA9EC}.Debug|x64.Build.0 = Debug|Any CPU
		{F035A918-B12D-49B3-A9E5-79B2E6FEA9EC}.Debug|x86.ActiveCfg = Debug|Any CPU
		{F035A918-B12D-49B3-A9E5-79B2E6FEA9EC}.Debug|x86.Build.0 = Debug|Any CPU
		{F035A918-B12D-49B3-A9E5-79B2E6FEA9EC}.Release|Any CPU.ActiveCfg = Release|Any CPU
		{F035A918-B12D-49B3-A9E5-79B2E6FEA9EC}.Release|Any CPU.Build.0 = Release|Any CPU
		{F035A918-B12D-49B3-A9E5-79B2E6FEA9EC}.Release|x64.ActiveCfg = Release|Any CPU
		{F035A918-B12D-49B3-A9E5-79B2E6FEA9EC}.Release|x64.Build.0 = Release|Any CPU
		{F035A918-B12D-49B3-A9E5-79B2E6FEA9EC}.Release|x86.ActiveCfg = Release|Any CPU
		{F035A918-B12D-49B3-A9E5-79B2E6FEA9EC}.Release|x86.Build.0 = Release|Any CPU
		{454BFA70-484B-4F38-896B-BBCE163238E1}.Debug|Any CPU.ActiveCfg = Debug|Any CPU
		{454BFA70-484B-4F38-896B-BBCE163238E1}.Debug|Any CPU.Build.0 = Debug|Any CPU
		{454BFA70-484B-4F38-896B-BBCE163238E1}.Debug|x64.ActiveCfg = Debug|Any CPU
		{454BFA70-484B-4F38-896B-BBCE163238E1}.Debug|x64.Build.0 = Debug|Any CPU
		{454BFA70-484B-4F38-896B-BBCE163238E1}.Debug|x86.ActiveCfg = Debug|Any CPU
		{454BFA70-484B-4F38-896B-BBCE163238E1}.Debug|x86.Build.0 = Debug|Any CPU
		{454BFA70-484B-4F38-896B-BBCE163238E1}.Release|Any CPU.ActiveCfg = Release|Any CPU
		{454BFA70-484B-4F38-896B-BBCE163238E1}.Release|Any CPU.Build.0 = Release|Any CPU
		{454BFA70-484B-4F38-896B-BBCE163238E1}.Release|x64.ActiveCfg = Release|Any CPU
		{454BFA70-484B-4F38-896B-BBCE163238E1}.Release|x64.Build.0 = Release|Any CPU
		{454BFA70-484B-4F38-896B-BBCE163238E1}.Release|x86.ActiveCfg = Release|Any CPU
		{454BFA70-484B-4F38-896B-BBCE163238E1}.Release|x86.Build.0 = Release|Any CPU
		{9105EC9F-8962-40DE-9644-D7AECB479DC8}.Debug|Any CPU.ActiveCfg = Debug|Any CPU
		{9105EC9F-8962-40DE-9644-D7AECB479DC8}.Debug|Any CPU.Build.0 = Debug|Any CPU
		{9105EC9F-8962-40DE-9644-D7AECB479DC8}.Debug|x64.ActiveCfg = Debug|Any CPU
		{9105EC9F-8962-40DE-9644-D7AECB479DC8}.Debug|x64.Build.0 = Debug|Any CPU
		{9105EC9F-8962-40DE-9644-D7AECB479DC8}.Debug|x86.ActiveCfg = Debug|Any CPU
		{9105EC9F-8962-40DE-9644-D7AECB479DC8}.Debug|x86.Build.0 = Debug|Any CPU
		{9105EC9F-8962-40DE-9644-D7AECB479DC8}.Release|Any CPU.ActiveCfg = Release|Any CPU
		{9105EC9F-8962-40DE-9644-D7AECB479DC8}.Release|Any CPU.Build.0 = Release|Any CPU
		{9105EC9F-8962-40DE-9644-D7AECB479DC8}.Release|x64.ActiveCfg = Release|Any CPU
		{9105EC9F-8962-40DE-9644-D7AECB479DC8}.Release|x64.Build.0 = Release|Any CPU
		{9105EC9F-8962-40DE-9644-D7AECB479DC8}.Release|x86.ActiveCfg = Release|Any CPU
		{9105EC9F-8962-40DE-9644-D7AECB479DC8}.Release|x86.Build.0 = Release|Any CPU
		{A4C1EB68-2529-4EC5-A639-277FA8BF93DE}.Debug|Any CPU.ActiveCfg = Debug|Any CPU
		{A4C1EB68-2529-4EC5-A639-277FA8BF93DE}.Debug|Any CPU.Build.0 = Debug|Any CPU
		{A4C1EB68-2529-4EC5-A639-277FA8BF93DE}.Debug|x64.ActiveCfg = Debug|Any CPU
		{A4C1EB68-2529-4EC5-A639-277FA8BF93DE}.Debug|x64.Build.0 = Debug|Any CPU
		{A4C1EB68-2529-4EC5-A639-277FA8BF93DE}.Debug|x86.ActiveCfg = Debug|Any CPU
		{A4C1EB68-2529-4EC5-A639-277FA8BF93DE}.Debug|x86.Build.0 = Debug|Any CPU
		{A4C1EB68-2529-4EC5-A639-277FA8BF93DE}.Release|Any CPU.ActiveCfg = Release|Any CPU
		{A4C1EB68-2529-4EC5-A639-277FA8BF93DE}.Release|Any CPU.Build.0 = Release|Any CPU
		{A4C1EB68-2529-4EC5-A639-277FA8BF93DE}.Release|x64.ActiveCfg = Release|Any CPU
		{A4C1EB68-2529-4EC5-A639-277FA8BF93DE}.Release|x64.Build.0 = Release|Any CPU
		{A4C1EB68-2529-4EC5-A639-277FA8BF93DE}.Release|x86.ActiveCfg = Release|Any CPU
		{A4C1EB68-2529-4EC5-A639-277FA8BF93DE}.Release|x86.Build.0 = Release|Any CPU
	EndGlobalSection
	GlobalSection(SolutionProperties) = preSolution
		HideSolutionNode = FALSE
	EndGlobalSection
	GlobalSection(NestedProjects) = preSolution
		{E9E26C38-5D05-E90F-188F-CA738AD75EE5} = {12E5C810-18C6-BE57-4EA6-3F3BE821652E}
		{625797D5-CB04-42E4-A68A-5C9C649EBAD9} = {E9E26C38-5D05-E90F-188F-CA738AD75EE5}
		{8D626EA8-CB54-BC41-363A-217881BEBA6E} = {827E0CD3-B72D-47B6-A68D-7590B98EB39B}
		{CCCEDC2B-9D7B-4AAE-A227-11F04DE794A1} = {8D626EA8-CB54-BC41-363A-217881BEBA6E}
		{ED6807F8-77BA-3766-0FF0-3DABD1CE7DD6} = {827E0CD3-B72D-47B6-A68D-7590B98EB39B}
		{9AD502A8-EE9F-41A8-8FF1-87E5C692B44D} = {ED6807F8-77BA-3766-0FF0-3DABD1CE7DD6}
		{7F5093C9-DC9C-935A-B2DE-C74B4B877D8D} = {827E0CD3-B72D-47B6-A68D-7590B98EB39B}
		{90B44A77-EAF8-4892-8B43-4018E9B0BCEC} = {7F5093C9-DC9C-935A-B2DE-C74B4B877D8D}
		{8B69F5E7-35BE-DCF6-3458-FC08E448D883} = {5D20AA90-6969-D8BD-9DCD-8634F4692FDA}
		{A85AD8B4-0AA1-DAA3-101A-1A70BE9734B4} = {8B69F5E7-35BE-DCF6-3458-FC08E448D883}
		{F035A918-B12D-49B3-A9E5-79B2E6FEA9EC} = {A85AD8B4-0AA1-DAA3-101A-1A70BE9734B4}
		{8BE51F75-E968-2E64-31C4-B6241C34B455} = {8B69F5E7-35BE-DCF6-3458-FC08E448D883}
		{454BFA70-484B-4F38-896B-BBCE163238E1} = {8BE51F75-E968-2E64-31C4-B6241C34B455}
		{01637697-831A-2F8C-A3A5-DB59496E401D} = {8B69F5E7-35BE-DCF6-3458-FC08E448D883}
		{9105EC9F-8962-40DE-9644-D7AECB479DC8} = {01637697-831A-2F8C-A3A5-DB59496E401D}
		{EA34EAA3-1319-61EE-61A0-DEA68DFE8677} = {827E0CD3-B72D-47B6-A68D-7590B98EB39B}
		{A4C1EB68-2529-4EC5-A639-277FA8BF93DE} = {EA34EAA3-1319-61EE-61A0-DEA68DFE8677}
	EndGlobalSection
EndGlobal
